
Microsoft Visual Studio Solution File, Format Version 12.00
# Visual Studio Version 17
VisualStudioVersion = 17.11.35219.272
MinimumVisualStudioVersion = 10.0.40219.1
Project("{FAE04EC0-301F-11D3-BF4B-00C04F79EFBC}") = "FluentTest", "FluentTest\FluentTest.csproj", "{F16C2E32-7BC5-42DF-B39E-B5054E505226}"
EndProject
Global
	GlobalSection(SolutionConfigurationPlatforms) = preSolution
		Debug|Any CPU = Debug|Any CPU
		Release|Any CPU = Release|Any CPU
	EndGlobalSection
	GlobalSection(ProjectConfigurationPlatforms) = postSolution
		{F16C2E32-7BC5-42DF-B39E-B5054E505226}.Debug|Any CPU.ActiveCfg = Debug|Any CPU
		{F16C2E32-7BC5-42DF-B39E-B5054E505226}.Debug|Any CPU.Build.0 = Debug|Any CPU
		{F16C2E32-7BC5-42DF-B39E-B5054E505226}.Release|Any CPU.ActiveCfg = Release|Any CPU
		{F16C2E32-7BC5-42DF-B39E-B5054E505226}.Release|Any CPU.Build.0 = Release|Any CPU
	EndGlobalSection
	GlobalSection(SolutionProperties) = preSolution
		HideSolutionNode = FALSE
	EndGlobalSection
	GlobalSection(ExtensibilityGlobals) = postSolution
		SolutionGuid = {24AE86B3-D2A4-400D-B4FD-10691137ED3A}
	EndGlobalSection
EndGlobal
